{
  "name": "TinySTL",
  "lockfileVersion": 2,
  "requires": true,
  "packages": {
    "": {
      "dependencies": {
        "hexo-githubcalendar": "^1.2.3"
      }
    },
    "node_modules/hexo-githubcalendar": {
      "version": "1.2.3",
      "resolved": "https://registry.npmjs.org/hexo-githubcalendar/-/hexo-githubcalendar-1.2.3.tgz",
      "integrity": "sha512-xMfp2Z11F57s0/q7N9x+S2ui5dkrOiz5I3+TKPL+2IquWKj11wpaVZsPDgMxPAU8B6AYm/78S5e2APiHADPYSg=="
    }
  },
  "dependencies": {
    "hexo-githubcalendar": {
      "version": "1.2.3",
      "resolved": "https://registry.npmjs.org/hexo-githubcalendar/-/hexo-githubcalendar-1.2.3.tgz",
      "integrity": "sha512-xMfp2Z11F57s0/q7N9x+S2ui5dkrOiz5I3+TKPL+2IquWKj11wpaVZsPDgMxPAU8B6AYm/78S5e2APiHADPYSg=="
    }
  }
}
